
Microsoft Visual Studio Solution File, Format Version 12.00
# Visual Studio Version 16
VisualStudioVersion = 16.0.29613.14
MinimumVisualStudioVersion = 10.0.40219.1
Project("{9A19103F-16F7-4668-BE54-9A1E7A4F7556}") = "HtmlTableToExcel", "HtmlTableToExcel\HtmlTableToExcel.csproj", "{BBA76D1C-E1D7-452A-8E85-28D26246AD78}"
EndProject
Project("{9A19103F-16F7-4668-BE54-9A1E7A4F7556}") = "HtmlTableToExcel.Tests", "HtmlTableToExcel.Tests\HtmlTableToExcel.Tests.csproj", "{9C480F0F-F38A-4FC5-943B-6B254B15B453}"
EndProject
Global
	GlobalSection(SolutionConfigurationPlatforms) = preSolution
		Debug|Any CPU = Debug|Any CPU
		Release|Any CPU = Release|Any CPU
	EndGlobalSection
	GlobalSection(ProjectConfigurationPlatforms) = postSolution
		{BBA76D1C-E1D7-452A-8E85-28D26246AD78}.Debug|Any CPU.ActiveCfg = Debug|Any CPU
		{BBA76D1C-E1D7-452A-8E85-28D26246AD78}.Debug|Any CPU.Build.0 = Debug|Any CPU
		{BBA76D1C-E1D7-452A-8E85-28D26246AD78}.Release|Any CPU.ActiveCfg = Release|Any CPU
		{BBA76D1C-E1D7-452A-8E85-28D26246AD78}.Release|Any CPU.Build.0 = Release|Any CPU
		{9C480F0F-F38A-4FC5-943B-6B254B15B453}.Debug|Any CPU.ActiveCfg = Debug|Any CPU
		{9C480F0F-F38A-4FC5-943B-6B254B15B453}.Debug|Any CPU.Build.0 = Debug|Any CPU
		{9C480F0F-F38A-4FC5-943B-6B254B15B453}.Release|Any CPU.ActiveCfg = Release|Any CPU
		{9C480F0F-F38A-4FC5-943B-6B254B15B453}.Release|Any CPU.Build.0 = Release|Any CPU
	EndGlobalSection
	GlobalSection(SolutionProperties) = preSolution
		HideSolutionNode = FALSE
	EndGlobalSection
	GlobalSection(ExtensibilityGlobals) = postSolution
		SolutionGuid = {CE8D8FA0-C4C6-4822-975D-857D5ED7C214}
	EndGlobalSection
EndGlobal
